
Microsoft Visual Studio Solution File, Format Version 12.00
# Visual Studio 15
VisualStudioVersion = 15.0.27130.2010
MinimumVisualStudioVersion = 10.0.40219.1
Project("{FAE04EC0-301F-11D3-BF4B-00C04F79EFBC}") = "LiveCodingToDoTask", "LiveCodingToDoTask\LiveCodingToDoTask.csproj", "{2B3B3DF0-7D8E-443D-BD70-8D44E07E020F}"
EndProject
Global
	GlobalSection(SolutionConfigurationPlatforms) = preSolution
		Debug|Any CPU = Debug|Any CPU
		Release|Any CPU = Release|Any CPU
	EndGlobalSection
	GlobalSection(ProjectConfigurationPlatforms) = postSolution
		{2B3B3DF0-7D8E-443D-BD70-8D44E07E020F}.Debug|Any CPU.ActiveCfg = Debug|Any CPU
		{2B3B3DF0-7D8E-443D-BD70-8D44E07E020F}.Debug|Any CPU.Build.0 = Debug|Any CPU
		{2B3B3DF0-7D8E-443D-BD70-8D44E07E020F}.Release|Any CPU.ActiveCfg = Release|Any CPU
		{2B3B3DF0-7D8E-443D-BD70-8D44E07E020F}.Release|Any CPU.Build.0 = Release|Any CPU
	EndGlobalSection
	GlobalSection(SolutionProperties) = preSolution
		HideSolutionNode = FALSE
	EndGlobalSection
	GlobalSection(ExtensibilityGlobals) = postSolution
		SolutionGuid = {46F1A6AF-721F-4C05-B35F-6CF8CAB82411}
	EndGlobalSection
EndGlobal
